
Microsoft Visual Studio Solution File, Format Version 12.00
# Visual Studio Version 17
VisualStudioVersion = 17.10.34707.107
MinimumVisualStudioVersion = 10.0.40219.1
Project("{FAE04EC0-301F-11D3-BF4B-00C04F79EFBC}") = "UnsafeArray", "UnsafeArray.csproj", "{A03BCC54-DD9D-47CE-8542-593A5987398D}"
EndProject
Global
	GlobalSection(SolutionConfigurationPlatforms) = preSolution
		Debug|Any CPU = Debug|Any CPU
		Release|Any CPU = Release|Any CPU
	EndGlobalSection
	GlobalSection(ProjectConfigurationPlatforms) = postSolution
		{A03BCC54-DD9D-47CE-8542-593A5987398D}.Debug|Any CPU.ActiveCfg = Debug|Any CPU
		{A03BCC54-DD9D-47CE-8542-593A5987398D}.Debug|Any CPU.Build.0 = Debug|Any CPU
		{A03BCC54-DD9D-47CE-8542-593A5987398D}.Release|Any CPU.ActiveCfg = Release|Any CPU
		{A03BCC54-DD9D-47CE-8542-593A5987398D}.Release|Any CPU.Build.0 = Release|Any CPU
	EndGlobalSection
	GlobalSection(SolutionProperties) = preSolution
		HideSolutionNode = FALSE
	EndGlobalSection
	GlobalSection(ExtensibilityGlobals) = postSolution
		SolutionGuid = {68918CC1-36B2-4B95-BD51-E5157E7B8191}
	EndGlobalSection
EndGlobal
